
Microsoft Visual Studio Solution File, Format Version 12.00
# Visual Studio Version 16
VisualStudioVersion = 16.0.30503.244
MinimumVisualStudioVersion = 10.0.40219.1
Project("{9A19103F-16F7-4668-BE54-9A1E7A4F7556}") = "Producer", "Producer\Producer.csproj", "{03B63D60-DDC7-4AD3-9A10-EDFD984B192D}"
EndProject
Project("{FAE04EC0-301F-11D3-BF4B-00C04F79EFBC}") = "Consumer", "Consumer\Consumer.csproj", "{7505B451-6F2D-4D22-9C88-2621CFE2AE0C}"
EndProject
Global
	GlobalSection(SolutionConfigurationPlatforms) = preSolution
		Debug|Any CPU = Debug|Any CPU
		Release|Any CPU = Release|Any CPU
	EndGlobalSection
	GlobalSection(ProjectConfigurationPlatforms) = postSolution
		{03B63D60-DDC7-4AD3-9A10-EDFD984B192D}.Debug|Any CPU.ActiveCfg = Debug|Any CPU
		{03B63D60-DDC7-4AD3-9A10-EDFD984B192D}.Debug|Any CPU.Build.0 = Debug|Any CPU
		{03B63D60-DDC7-4AD3-9A10-EDFD984B192D}.Release|Any CPU.ActiveCfg = Release|Any CPU
		{03B63D60-DDC7-4AD3-9A10-EDFD984B192D}.Release|Any CPU.Build.0 = Release|Any CPU
		{7505B451-6F2D-4D22-9C88-2621CFE2AE0C}.Debug|Any CPU.ActiveCfg = Debug|Any CPU
		{7505B451-6F2D-4D22-9C88-2621CFE2AE0C}.Debug|Any CPU.Build.0 = Debug|Any CPU
		{7505B451-6F2D-4D22-9C88-2621CFE2AE0C}.Release|Any CPU.ActiveCfg = Release|Any CPU
		{7505B451-6F2D-4D22-9C88-2621CFE2AE0C}.Release|Any CPU.Build.0 = Release|Any CPU
	EndGlobalSection
	GlobalSection(SolutionProperties) = preSolution
		HideSolutionNode = FALSE
	EndGlobalSection
	GlobalSection(ExtensibilityGlobals) = postSolution
		SolutionGuid = {FB1C552D-DE65-45E8-8CF8-E9EA1C902CD0}
	EndGlobalSection
EndGlobal
